// !$*UTF8*$!
{
	archiveVersion = 1;
	classes = {
	};
	objectVersion = 51;
	objects = {

/* Begin PBXBuildFile section */
		5B024AE82695E1C000049DD8 /* UpcomingController.swift in Sources */ = {isa = PBXBuildFile; fileRef = 5B024AE72695E1C000049DD8 /* UpcomingController.swift */; };
		5B0BA8F6269310D5005ABA8A /* AppDelegate.swift in Sources */ = {isa = PBXBuildFile; fileRef = 5B0BA8F5269310D5005ABA8A /* AppDelegate.swift */; };
		5B0BA8FD269310D5005ABA8A /* Main.storyboard in Resources */ = {isa = PBXBuildFile; fileRef = 5B0BA8FB269310D5005ABA8A /* Main.storyboard */; };
		5B0BA8FF269310D6005ABA8A /* Assets.xcassets in Resources */ = {isa = PBXBuildFile; fileRef = 5B0BA8FE269310D6005ABA8A /* Assets.xcassets */; };
		5B0BA902269310D6005ABA8A /* LaunchScreen.storyboard in Resources */ = {isa = PBXBuildFile; fileRef = 5B0BA900269310D6005ABA8A /* LaunchScreen.storyboard */; };
		5B0BA91026932BF9005ABA8A /* HomeController.swift in Sources */ = {isa = PBXBuildFile; fileRef = 5B0BA90F26932BF9005ABA8A /* HomeController.swift */; };
		5B0BA91226933908005ABA8A /* Launch.swift in Sources */ = {isa = PBXBuildFile; fileRef = 5B0BA91126933908005ABA8A /* Launch.swift */; };
		5B0BA91626933FAB005ABA8A /* Section.swift in Sources */ = {isa = PBXBuildFile; fileRef = 5B0BA91526933FAB005ABA8A /* Section.swift */; };
		5B0BA91A26934EF9005ABA8A /* LaunchService.swift in Sources */ = {isa = PBXBuildFile; fileRef = 5B0BA91926934EF9005ABA8A /* LaunchService.swift */; };
		5B3A2A4F269B19C20060A0B9 /* Pods_spacex.framework in Frameworks */ = {isa = PBXBuildFile; fileRef = A63719EA878C20333A7CB532 /* Pods_spacex.framework */; };
		5B3A2A50269B19C20060A0B9 /* Pods_spacex.framework in Embed Frameworks */ = {isa = PBXBuildFile; fileRef = A63719EA878C20333A7CB532 /* Pods_spacex.framework */; settings = {ATTRIBUTES = (CodeSignOnCopy, RemoveHeadersOnCopy, ); }; };
		5B5A4A7B2696EC8900EDABF7 /* OldController.swift in Sources */ = {isa = PBXBuildFile; fileRef = 5B5A4A7A2696EC8900EDABF7 /* OldController.swift */; };
		5BCE66722695A5BD0021EE00 /* SectionHeader.swift in Sources */ = {isa = PBXBuildFile; fileRef = 5BCE66702695A5BD0021EE00 /* SectionHeader.swift */; };
		5BCE66732695A5BD0021EE00 /* SectionHeader.xib in Resources */ = {isa = PBXBuildFile; fileRef = 5BCE66712695A5BD0021EE00 /* SectionHeader.xib */; };
		5BF58963269483E100B48A3D /* UpcomingCell.swift in Sources */ = {isa = PBXBuildFile; fileRef = 5BF58961269483E100B48A3D /* UpcomingCell.swift */; };
		5BF58964269483E100B48A3D /* UpcomingCell.xib in Resources */ = {isa = PBXBuildFile; fileRef = 5BF58962269483E100B48A3D /* UpcomingCell.xib */; };
		5BF589662694908500B48A3D /* ImgDownloader.swift in Sources */ = {isa = PBXBuildFile; fileRef = 5BF589652694908500B48A3D /* ImgDownloader.swift */; };
		5BF5896926949D8500B48A3D /* OldCell.swift in Sources */ = {isa = PBXBuildFile; fileRef = 5BF5896726949D8500B48A3D /* OldCell.swift */; };
		5BF5896A26949D8500B48A3D /* OldCell.xib in Resources */ = {isa = PBXBuildFile; fileRef = 5BF5896826949D8500B48A3D /* OldCell.xib */; };
/* End PBXBuildFile section */

/* Begin PBXCopyFilesBuildPhase section */
		5B3A2A51269B19C20060A0B9 /* Embed Frameworks */ = {
			isa = PBXCopyFilesBuildPhase;
			buildActionMask = 2147483647;
			dstPath = "";
			dstSubfolderSpec = 10;
			files = (
				5B3A2A50269B19C20060A0B9 /* Pods_spacex.framework in Embed Frameworks */,
			);
			name = "Embed Frameworks";
			runOnlyForDeploymentPostprocessing = 0;
		};
/* End PBXCopyFilesBuildPhase section */

/* Begin PBXFileReference section */
		5B024AE72695E1C000049DD8 /* UpcomingController.swift */ = {isa = PBXFileReference; lastKnownFileType = sourcecode.swift; path = UpcomingController.swift; sourceTree = "<group>"; };
		5B0BA8F2269310D5005ABA8A /* spacex.app */ = {isa = PBXFileReference; explicitFileType = wrapper.application; includeInIndex = 0; path = spacex.app; sourceTree = BUILT_PRODUCTS_DIR; };
		5B0BA8F5269310D5005ABA8A /* AppDelegate.swift */ = {isa = PBXFileReference; lastKnownFileType = sourcecode.swift; path = AppDelegate.swift; sourceTree = "<group>"; };
		5B0BA8FC269310D5005ABA8A /* Base */ = {isa = PBXFileReference; lastKnownFileType = file.storyboard; name = Base; path = Base.lproj/Main.storyboard; sourceTree = "<group>"; };
		5B0BA8FE269310D6005ABA8A /* Assets.xcassets */ = {isa = PBXFileReference; lastKnownFileType = folder.assetcatalog; path = Assets.xcassets; sourceTree = "<group>"; };
		5B0BA901269310D6005ABA8A /* Base */ = {isa = PBXFileReference; lastKnownFileType = file.storyboard; name = Base; path = Base.lproj/LaunchScreen.storyboard; sourceTree = "<group>"; };
		5B0BA903269310D6005ABA8A /* Info.plist */ = {isa = PBXFileReference; lastKnownFileType = text.plist.xml; path = Info.plist; sourceTree = "<group>"; };
		5B0BA90F26932BF9005ABA8A /* HomeController.swift */ = {isa = PBXFileReference; lastKnownFileType = sourcecode.swift; name = HomeController.swift; path = spacex/Controller/HomeController.swift; sourceTree = SOURCE_ROOT; };
		5B0BA91126933908005ABA8A /* Launch.swift */ = {isa = PBXFileReference; lastKnownFileType = sourcecode.swift; path = Launch.swift; sourceTree = "<group>"; };
		5B0BA91526933FAB005ABA8A /* Section.swift */ = {isa = PBXFileReference; lastKnownFileType = sourcecode.swift; name = Section.swift; path = spacex/Model/Section.swift; sourceTree = SOURCE_ROOT; };
		5B0BA91926934EF9005ABA8A /* LaunchService.swift */ = {isa = PBXFileReference; lastKnownFileType = sourcecode.swift; path = LaunchService.swift; sourceTree = "<group>"; };
		5B5A4A7A2696EC8900EDABF7 /* OldController.swift */ = {isa = PBXFileReference; lastKnownFileType = sourcecode.swift; path = OldController.swift; sourceTree = "<group>"; };
		5BCE66702695A5BD0021EE00 /* SectionHeader.swift */ = {isa = PBXFileReference; lastKnownFileType = sourcecode.swift; path = SectionHeader.swift; sourceTree = "<group>"; };
		5BCE66712695A5BD0021EE00 /* SectionHeader.xib */ = {isa = PBXFileReference; lastKnownFileType = file.xib; path = SectionHeader.xib; sourceTree = "<group>"; };
		5BF58961269483E100B48A3D /* UpcomingCell.swift */ = {isa = PBXFileReference; lastKnownFileType = sourcecode.swift; path = UpcomingCell.swift; sourceTree = "<group>"; };
		5BF58962269483E100B48A3D /* UpcomingCell.xib */ = {isa = PBXFileReference; lastKnownFileType = file.xib; path = UpcomingCell.xib; sourceTree = "<group>"; };
		5BF589652694908500B48A3D /* ImgDownloader.swift */ = {isa = PBXFileReference; lastKnownFileType = sourcecode.swift; path = ImgDownloader.swift; sourceTree = "<group>"; };
		5BF5896726949D8500B48A3D /* OldCell.swift */ = {isa = PBXFileReference; lastKnownFileType = sourcecode.swift; path = OldCell.swift; sourceTree = "<group>"; };
		5BF5896826949D8500B48A3D /* OldCell.xib */ = {isa = PBXFileReference; lastKnownFileType = file.xib; path = OldCell.xib; sourceTree = "<group>"; };
		9F0E0C60062EC9939462D8B1 /* Pods-spacex.release.xcconfig */ = {isa = PBXFileReference; includeInIndex = 1; lastKnownFileType = text.xcconfig; name = "Pods-spacex.release.xcconfig"; path = "Target Support Files/Pods-spacex/Pods-spacex.release.xcconfig"; sourceTree = "<group>"; };
		A63719EA878C20333A7CB532 /* Pods_spacex.framework */ = {isa = PBXFileReference; explicitFileType = wrapper.framework; includeInIndex = 0; path = Pods_spacex.framework; sourceTree = BUILT_PRODUCTS_DIR; };
		BD40BECC557B819589F2A311 /* Pods-spacex.debug.xcconfig */ = {isa = PBXFileReference; includeInIndex = 1; lastKnownFileType = text.xcconfig; name = "Pods-spacex.debug.xcconfig"; path = "Target Support Files/Pods-spacex/Pods-spacex.debug.xcconfig"; sourceTree = "<group>"; };
/* End PBXFileReference section */

/* Begin PBXFrameworksBuildPhase section */
		5B0BA8EF269310D5005ABA8A /* Frameworks */ = {
			isa = PBXFrameworksBuildPhase;
			buildActionMask = 2147483647;
			files = (
				5B3A2A4F269B19C20060A0B9 /* Pods_spacex.framework in Frameworks */,
			);
			runOnlyForDeploymentPostprocessing = 0;
		};
/* End PBXFrameworksBuildPhase section */

/* Begin PBXGroup section */
		252BBEC72FE609E923A040E5 /* Pods */ = {
			isa = PBXGroup;
			children = (
				BD40BECC557B819589F2A311 /* Pods-spacex.debug.xcconfig */,
				9F0E0C60062EC9939462D8B1 /* Pods-spacex.release.xcconfig */,
			);
			path = Pods;
			sourceTree = "<group>";
		};
		5B0BA8E9269310D5005ABA8A = {
			isa = PBXGroup;
			children = (
				5B0BA8F4269310D5005ABA8A /* spacex */,
				5B0BA8F3269310D5005ABA8A /* Products */,
				252BBEC72FE609E923A040E5 /* Pods */,
				F988ADCAE70DA5A97A8D54E7 /* Frameworks */,
			);
			sourceTree = "<group>";
		};
		5B0BA8F3269310D5005ABA8A /* Products */ = {
			isa = PBXGroup;
			children = (
				5B0BA8F2269310D5005ABA8A /* spacex.app */,
			);
			name = Products;
			sourceTree = "<group>";
		};
		5B0BA8F4269310D5005ABA8A /* spacex */ = {
			isa = PBXGroup;
			children = (
				5B0BA8F5269310D5005ABA8A /* AppDelegate.swift */,
				5B0BA903269310D6005ABA8A /* Info.plist */,
				5B0BA90B26932A9F005ABA8A /* Model */,
				5B0BA90C26932AA8005ABA8A /* Controller */,
				5B0BA90A26932A91005ABA8A /* View */,
			);
			path = spacex;
			sourceTree = "<group>";
		};
		5B0BA90A26932A91005ABA8A /* View */ = {
			isa = PBXGroup;
			children = (
				5B0BA8FB269310D5005ABA8A /* Main.storyboard */,
				5B0BA900269310D6005ABA8A /* LaunchScreen.storyboard */,
				5B0BA8FE269310D6005ABA8A /* Assets.xcassets */,
			);
			path = View;
			sourceTree = "<group>";
		};
		5B0BA90B26932A9F005ABA8A /* Model */ = {
			isa = PBXGroup;
			children = (
				5BF58961269483E100B48A3D /* UpcomingCell.swift */,
				5BF589652694908500B48A3D /* ImgDownloader.swift */,
				5BF58962269483E100B48A3D /* UpcomingCell.xib */,
				5B0BA91926934EF9005ABA8A /* LaunchService.swift */,
				5B0BA91126933908005ABA8A /* Launch.swift */,
				5BF5896726949D8500B48A3D /* OldCell.swift */,
				5BF5896826949D8500B48A3D /* OldCell.xib */,
				5BCE66702695A5BD0021EE00 /* SectionHeader.swift */,
				5B0BA91526933FAB005ABA8A /* Section.swift */,
				5BCE66712695A5BD0021EE00 /* SectionHeader.xib */,
			);
			path = Model;
			sourceTree = "<group>";
		};
		5B0BA90C26932AA8005ABA8A /* Controller */ = {
			isa = PBXGroup;
			children = (
				5B0BA90F26932BF9005ABA8A /* HomeController.swift */,
				5B024AE72695E1C000049DD8 /* UpcomingController.swift */,
				5B5A4A7A2696EC8900EDABF7 /* OldController.swift */,
			);
			path = Controller;
			sourceTree = "<group>";
		};
		F988ADCAE70DA5A97A8D54E7 /* Frameworks */ = {
			isa = PBXGroup;
			children = (
				A63719EA878C20333A7CB532 /* Pods_spacex.framework */,
			);
			name = Frameworks;
			sourceTree = "<group>";
		};
/* End PBXGroup section */

/* Begin PBXNativeTarget section */
		5B0BA8F1269310D5005ABA8A /* spacex */ = {
			isa = PBXNativeTarget;
			buildConfigurationList = 5B0BA906269310D6005ABA8A /* Build configuration list for PBXNativeTarget "spacex" */;
			buildPhases = (
				FF45246BA373A089FD73E40D /* [CP] Check Pods Manifest.lock */,
				5B0BA8EE269310D5005ABA8A /* Sources */,
				5B0BA8EF269310D5005ABA8A /* Frameworks */,
				5B0BA8F0269310D5005ABA8A /* Resources */,
				5B0BA90926931197005ABA8A /* Swiftlint */,
				594C0C6484CC1BE9CEC144E2 /* [CP] Embed Pods Frameworks */,
				5B3A2A51269B19C20060A0B9 /* Embed Frameworks */,
			);
			buildRules = (
			);
			dependencies = (
			);
			name = spacex;
			productName = spacex;
			productReference = 5B0BA8F2269310D5005ABA8A /* spacex.app */;
			productType = "com.apple.product-type.application";
		};
/* End PBXNativeTarget section */

/* Begin PBXProject section */
		5B0BA8EA269310D5005ABA8A /* Project object */ = {
			isa = PBXProject;
			attributes = {
				LastSwiftUpdateCheck = 1250;
				LastUpgradeCheck = 1250;
				TargetAttributes = {
					5B0BA8F1269310D5005ABA8A = {
						CreatedOnToolsVersion = 12.5;
					};
				};
			};
			buildConfigurationList = 5B0BA8ED269310D5005ABA8A /* Build configuration list for PBXProject "spacex" */;
			compatibilityVersion = "Xcode 9.3";
			developmentRegion = en;
			hasScannedForEncodings = 0;
			knownRegions = (
				en,
				Base,
			);
			mainGroup = 5B0BA8E9269310D5005ABA8A;
			productRefGroup = 5B0BA8F3269310D5005ABA8A /* Products */;
			projectDirPath = "";
			projectRoot = "";
			targets = (
				5B0BA8F1269310D5005ABA8A /* spacex */,
			);
		};
/* End PBXProject section */

/* Begin PBXResourcesBuildPhase section */
		5B0BA8F0269310D5005ABA8A /* Resources */ = {
			isa = PBXResourcesBuildPhase;
			buildActionMask = 2147483647;
			files = (
				5B0BA902269310D6005ABA8A /* LaunchScreen.storyboard in Resources */,
				5BF5896A26949D8500B48A3D /* OldCell.xib in Resources */,
				5BCE66732695A5BD0021EE00 /* SectionHeader.xib in Resources */,
				5B0BA8FF269310D6005ABA8A /* Assets.xcassets in Resources */,
				5B0BA8FD269310D5005ABA8A /* Main.storyboard in Resources */,
				5BF58964269483E100B48A3D /* UpcomingCell.xib in Resources */,
			);
			runOnlyForDeploymentPostprocessing = 0;
		};
/* End PBXResourcesBuildPhase section */

/* Begin PBXShellScriptBuildPhase section */
		594C0C6484CC1BE9CEC144E2 /* [CP] Embed Pods Frameworks */ = {
			isa = PBXShellScriptBuildPhase;
			buildActionMask = 2147483647;
			files = (
			);
			inputFileListPaths = (
				"${PODS_ROOT}/Target Support Files/Pods-spacex/Pods-spacex-frameworks-${CONFIGURATION}-input-files.xcfilelist",
			);
			name = "[CP] Embed Pods Frameworks";
			outputFileListPaths = (
				"${PODS_ROOT}/Target Support Files/Pods-spacex/Pods-spacex-frameworks-${CONFIGURATION}-output-files.xcfilelist",
			);
			runOnlyForDeploymentPostprocessing = 0;
			shellPath = /bin/sh;
			shellScript = "\"${PODS_ROOT}/Target Support Files/Pods-spacex/Pods-spacex-frameworks.sh\"\n";
			showEnvVarsInLog = 0;
		};
		5B0BA90926931197005ABA8A /* Swiftlint */ = {
			isa = PBXShellScriptBuildPhase;
			buildActionMask = 2147483647;
			files = (
			);
			inputFileListPaths = (
			);
			inputPaths = (
			);
			name = Swiftlint;
			outputFileListPaths = (
			);
			outputPaths = (
			);
			runOnlyForDeploymentPostprocessing = 0;
			shellPath = /bin/sh;
			shellScript = "if which swiftlint >/dev/null; then\n    swiftlint\nelse\n    echo \"warning: SwiftLint not installed, download from https://github.com/realm/SwiftLint\"\nfi\n";
		};
		FF45246BA373A089FD73E40D /* [CP] Check Pods Manifest.lock */ = {
			isa = PBXShellScriptBuildPhase;
			buildActionMask = 2147483647;
			files = (
			);
			inputFileListPaths = (
			);
			inputPaths = (
				"${PODS_PODFILE_DIR_PATH}/Podfile.lock",
				"${PODS_ROOT}/Manifest.lock",
			);
			name = "[CP] Check Pods Manifest.lock";
			outputFileListPaths = (
			);
			outputPaths = (
				"$(DERIVED_FILE_DIR)/Pods-spacex-checkManifestLockResult.txt",
			);
			runOnlyForDeploymentPostprocessing = 0;
			shellPath = /bin/sh;
			shellScript = "diff \"${PODS_PODFILE_DIR_PATH}/Podfile.lock\" \"${PODS_ROOT}/Manifest.lock\" > /dev/null\nif [ $? != 0 ] ; then\n    # print error to STDERR\n    echo \"error: The sandbox is not in sync with the Podfile.lock. Run 'pod install' or update your CocoaPods installation.\" >&2\n    exit 1\nfi\n# This output is used by Xcode 'outputs' to avoid re-running this script phase.\necho \"SUCCESS\" > \"${SCRIPT_OUTPUT_FILE_0}\"\n";
			showEnvVarsInLog = 0;
		};
/* End PBXShellScriptBuildPhase section */

/* Begin PBXSourcesBuildPhase section */
		5B0BA8EE269310D5005ABA8A /* Sources */ = {
			isa = PBXSourcesBuildPhase;
			buildActionMask = 2147483647;
			files = (
				5B0BA91A26934EF9005ABA8A /* LaunchService.swift in Sources */,
				5B5A4A7B2696EC8900EDABF7 /* OldController.swift in Sources */,
				5BF5896926949D8500B48A3D /* OldCell.swift in Sources */,
				5B0BA91626933FAB005ABA8A /* Section.swift in Sources */,
				5B0BA91026932BF9005ABA8A /* HomeController.swift in Sources */,
				5B024AE82695E1C000049DD8 /* UpcomingController.swift in Sources */,
				5B0BA91226933908005ABA8A /* Launch.swift in Sources */,
				5B0BA8F6269310D5005ABA8A /* AppDelegate.swift in Sources */,
				5BCE66722695A5BD0021EE00 /* SectionHeader.swift in Sources */,
				5BF58963269483E100B48A3D /* UpcomingCell.swift in Sources */,
				5BF589662694908500B48A3D /* ImgDownloader.swift in Sources */,
			);
			runOnlyForDeploymentPostprocessing = 0;
		};
/* End PBXSourcesBuildPhase section */

/* Begin PBXVariantGroup section */
		5B0BA8FB269310D5005ABA8A /* Main.storyboard */ = {
			isa = PBXVariantGroup;
			children = (
				5B0BA8FC269310D5005ABA8A /* Base */,
			);
			name = Main.storyboard;
			sourceTree = "<group>";
		};
		5B0BA900269310D6005ABA8A /* LaunchScreen.storyboard */ = {
			isa = PBXVariantGroup;
			children = (
				5B0BA901269310D6005ABA8A /* Base */,
			);
			name = LaunchScreen.storyboard;
			sourceTree = "<group>";
		};
/* End PBXVariantGroup section */

/* Begin XCBuildConfiguration section */
		5B0BA904269310D6005ABA8A /* Debug */ = {
			isa = XCBuildConfiguration;
			buildSettings = {
				ALWAYS_SEARCH_USER_PATHS = NO;
				CLANG_ANALYZER_NONNULL = YES;
				CLANG_ANALYZER_NUMBER_OBJECT_CONVERSION = YES_AGGRESSIVE;
				CLANG_CXX_LANGUAGE_STANDARD = "gnu++14";
				CLANG_CXX_LIBRARY = "libc++";
				CLANG_ENABLE_MODULES = YES;
				CLANG_ENABLE_OBJC_ARC = YES;
				CLANG_ENABLE_OBJC_WEAK = YES;
				CLANG_WARN_BLOCK_CAPTURE_AUTORELEASING = YES;
				CLANG_WARN_BOOL_CONVERSION = YES;
				CLANG_WARN_COMMA = YES;
				CLANG_WARN_CONSTANT_CONVERSION = YES;
				CLANG_WARN_DEPRECATED_OBJC_IMPLEMENTATIONS = YES;
				CLANG_WARN_DIRECT_OBJC_ISA_USAGE = YES_ERROR;
				CLANG_WARN_DOCUMENTATION_COMMENTS = YES;
				CLANG_WARN_EMPTY_BODY = YES;
				CLANG_WARN_ENUM_CONVERSION = YES;
				CLANG_WARN_INFINITE_RECURSION = YES;
				CLANG_WARN_INT_CONVERSION = YES;
				CLANG_WARN_NON_LITERAL_NULL_CONVERSION = YES;
				CLANG_WARN_OBJC_IMPLICIT_RETAIN_SELF = YES;
				CLANG_WARN_OBJC_LITERAL_CONVERSION = YES;
				CLANG_WARN_OBJC_ROOT_CLASS = YES_ERROR;
				CLANG_WARN_QUOTED_INCLUDE_IN_FRAMEWORK_HEADER = YES;
				CLANG_WARN_RANGE_LOOP_ANALYSIS = YES;
				CLANG_WARN_STRICT_PROTOTYPES = YES;
				CLANG_WARN_SUSPICIOUS_MOVE = YES;
				CLANG_WARN_UNGUARDED_AVAILABILITY = YES_AGGRESSIVE;
				CLANG_WARN_UNREACHABLE_CODE = YES;
				CLANG_WARN__DUPLICATE_METHOD_MATCH = YES;
				COPY_PHASE_STRIP = NO;
				DEBUG_INFORMATION_FORMAT = dwarf;
				ENABLE_STRICT_OBJC_MSGSEND = YES;
				ENABLE_TESTABILITY = YES;
				GCC_C_LANGUAGE_STANDARD = gnu11;
				GCC_DYNAMIC_NO_PIC = NO;
				GCC_NO_COMMON_BLOCKS = YES;
				GCC_OPTIMIZATION_LEVEL = 0;
				GCC_PREPROCESSOR_DEFINITIONS = (
					"DEBUG=1",
					"$(inherited)",
				);
				GCC_WARN_64_TO_32_BIT_CONVERSION = YES;
				GCC_WARN_ABOUT_RETURN_TYPE = YES_ERROR;
				GCC_WARN_UNDECLARED_SELECTOR = YES;
				GCC_WARN_UNINITIALIZED_AUTOS = YES_AGGRESSIVE;
				GCC_WARN_UNUSED_FUNCTION = YES;
				GCC_WARN_UNUSED_VARIABLE = YES;
				IPHONEOS_DEPLOYMENT_TARGET = 14.5;
				MTL_ENABLE_DEBUG_INFO = INCLUDE_SOURCE;
				MTL_FAST_MATH = YES;
				ONLY_ACTIVE_ARCH = YES;
				SDKROOT = iphoneos;
				SWIFT_ACTIVE_COMPILATION_CONDITIONS = DEBUG;
				SWIFT_OPTIMIZATION_LEVEL = "-Onone";
			};
			name = Debug;
		};
		5B0BA905269310D6005ABA8A /* Release */ = {
			isa = XCBuildConfiguration;
			buildSettings = {
				ALWAYS_SEARCH_USER_PATHS = NO;
				CLANG_ANALYZER_NONNULL = YES;
				CLANG_ANALYZER_NUMBER_OBJECT_CONVERSION = YES_AGGRESSIVE;
				CLANG_CXX_LANGUAGE_STANDARD = "gnu++14";
				CLANG_CXX_LIBRARY = "libc++";
				CLANG_ENABLE_MODULES = YES;
				CLANG_ENABLE_OBJC_ARC = YES;
				CLANG_ENABLE_OBJC_WEAK = YES;
				CLANG_WARN_BLOCK_CAPTURE_AUTORELEASING = YES;
				CLANG_WARN_BOOL_CONVERSION = YES;
				CLANG_WARN_COMMA = YES;
				CLANG_WARN_CONSTANT_CONVERSION = YES;
				CLANG_WARN_DEPRECATED_OBJC_IMPLEMENTATIONS = YES;
				CLANG_WARN_DIRECT_OBJC_ISA_USAGE = YES_ERROR;
				CLANG_WARN_DOCUMENTATION_COMMENTS = YES;
				CLANG_WARN_EMPTY_BODY = YES;
				CLANG_WARN_ENUM_CONVERSION = YES;
				CLANG_WARN_INFINITE_RECURSION = YES;
				CLANG_WARN_INT_CONVERSION = YES;
				CLANG_WARN_NON_LITERAL_NULL_CONVERSION = YES;
				CLANG_WARN_OBJC_IMPLICIT_RETAIN_SELF = YES;
				CLANG_WARN_OBJC_LITERAL_CONVERSION = YES;
				CLANG_WARN_OBJC_ROOT_CLASS = YES_ERROR;
				CLANG_WARN_QUOTED_INCLUDE_IN_FRAMEWORK_HEADER = YES;
				CLANG_WARN_RANGE_LOOP_ANALYSIS = YES;
				CLANG_WARN_STRICT_PROTOTYPES = YES;
				CLANG_WARN_SUSPICIOUS_MOVE = YES;
				CLANG_WARN_UNGUARDED_AVAILABILITY = YES_AGGRESSIVE;
				CLANG_WARN_UNREACHABLE_CODE = YES;
				CLANG_WARN__DUPLICATE_METHOD_MATCH = YES;
				COPY_PHASE_STRIP = NO;
				DEBUG_INFORMATION_FORMAT = "dwarf-with-dsym";
				ENABLE_NS_ASSERTIONS = NO;
				ENABLE_STRICT_OBJC_MSGSEND = YES;
				GCC_C_LANGUAGE_STANDARD = gnu11;
				GCC_NO_COMMON_BLOCKS = YES;
				GCC_WARN_64_TO_32_BIT_CONVERSION = YES;
				GCC_WARN_ABOUT_RETURN_TYPE = YES_ERROR;
				GCC_WARN_UNDECLARED_SELECTOR = YES;
				GCC_WARN_UNINITIALIZED_AUTOS = YES_AGGRESSIVE;
				GCC_WARN_UNUSED_FUNCTION = YES;
				GCC_WARN_UNUSED_VARIABLE = YES;
				IPHONEOS_DEPLOYMENT_TARGET = 14.5;
				MTL_ENABLE_DEBUG_INFO = NO;
				MTL_FAST_MATH = YES;
				SDKROOT = iphoneos;
				SWIFT_COMPILATION_MODE = wholemodule;
				SWIFT_OPTIMIZATION_LEVEL = "-O";
				VALIDATE_PRODUCT = YES;
			};
			name = Release;
		};
		5B0BA907269310D6005ABA8A /* Debug */ = {
			isa = XCBuildConfiguration;
			baseConfigurationReference = BD40BECC557B819589F2A311 /* Pods-spacex.debug.xcconfig */;
			buildSettings = {
				ASSETCATALOG_COMPILER_APPICON_NAME = AppIcon;
				ASSETCATALOG_COMPILER_GLOBAL_ACCENT_COLOR_NAME = AccentColor;
				CODE_SIGN_STYLE = Automatic;
				DEVELOPMENT_TEAM = GJ25YX6975;
				INFOPLIST_FILE = spacex/Info.plist;
				IPHONEOS_DEPLOYMENT_TARGET = 13.0;
				LD_RUNPATH_SEARCH_PATHS = (
					"$(inherited)",
					"@executable_path/Frameworks",
				);
				PRODUCT_BUNDLE_IDENTIFIER = com.exomind.stage.spacex;
				PRODUCT_NAME = "$(TARGET_NAME)";
				SWIFT_VERSION = 5.0;
				TARGETED_DEVICE_FAMILY = "1,2";
			};
			name = Debug;
		};
		5B0BA908269310D6005ABA8A /* Release */ = {
			isa = XCBuildConfiguration;
			baseConfigurationReference = 9F0E0C60062EC9939462D8B1 /* Pods-spacex.release.xcconfig */;
			buildSettings = {
				ASSETCATALOG_COMPILER_APPICON_NAME = AppIcon;
				ASSETCATALOG_COMPILER_GLOBAL_ACCENT_COLOR_NAME = AccentColor;
				CODE_SIGN_STYLE = Automatic;
				DEVELOPMENT_TEAM = GJ25YX6975;
				INFOPLIST_FILE = spacex/Info.plist;
				IPHONEOS_DEPLOYMENT_TARGET = 13.0;
				LD_RUNPATH_SEARCH_PATHS = (
					"$(inherited)",
					"@executable_path/Frameworks",
				);
				PRODUCT_BUNDLE_IDENTIFIER = com.exomind.stage.spacex;
				PRODUCT_NAME = "$(TARGET_NAME)";
				SWIFT_VERSION = 5.0;
				TARGETED_DEVICE_FAMILY = "1,2";
			};
			name = Release;
		};
/* End XCBuildConfiguration section */

/* Begin XCConfigurationList section */
		5B0BA8ED269310D5005ABA8A /* Build configuration list for PBXProject "spacex" */ = {
			isa = XCConfigurationList;
			buildConfigurations = (
				5B0BA904269310D6005ABA8A /* Debug */,
				5B0BA905269310D6005ABA8A /* Release */,
			);
			defaultConfigurationIsVisible = 0;
			defaultConfigurationName = Release;
		};
		5B0BA906269310D6005ABA8A /* Build configuration list for PBXNativeTarget "spacex" */ = {
			isa = XCConfigurationList;
			buildConfigurations = (
				5B0BA907269310D6005ABA8A /* Debug */,
				5B0BA908269310D6005ABA8A /* Release */,
			);
			defaultConfigurationIsVisible = 0;
			defaultConfigurationName = Release;
		};
/* End XCConfigurationList section */
	};
	rootObject = 5B0BA8EA269310D5005ABA8A /* Project object */;
}
